
Microsoft Visual Studio Solution File, Format Version 12.00
# Visual Studio Version 16
VisualStudioVersion = 16.0.32929.386
MinimumVisualStudioVersion = 10.0.40219.1
Project("{FAE04EC0-301F-11D3-BF4B-00C04F79EFBC}") = "FindCouple-1", "FindCouple-1\FindCouple-1.csproj", "{8A6BD9FE-566B-464B-98E4-572422B423ED}"
EndProject
Global
	GlobalSection(SolutionConfigurationPlatforms) = preSolution
		Debug|Any CPU = Debug|Any CPU
		Release|Any CPU = Release|Any CPU
	EndGlobalSection
	GlobalSection(ProjectConfigurationPlatforms) = postSolution
		{8A6BD9FE-566B-464B-98E4-572422B423ED}.Debug|Any CPU.ActiveCfg = Debug|Any CPU
		{8A6BD9FE-566B-464B-98E4-572422B423ED}.Debug|Any CPU.Build.0 = Debug|Any CPU
		{8A6BD9FE-566B-464B-98E4-572422B423ED}.Release|Any CPU.ActiveCfg = Release|Any CPU
		{8A6BD9FE-566B-464B-98E4-572422B423ED}.Release|Any CPU.Build.0 = Release|Any CPU
	EndGlobalSection
	GlobalSection(SolutionProperties) = preSolution
		HideSolutionNode = FALSE
	EndGlobalSection
	GlobalSection(ExtensibilityGlobals) = postSolution
		SolutionGuid = {FB6D6EB7-0FD9-438B-AE39-68EEE6B674ED}
	EndGlobalSection
EndGlobal
